{
  "nodes": {
    "nixpkgs": {
      "locked": {
        "lastModified": 1773375660,
        "narHash": "sha256-C/pSy3nRByzeKFcdtv4pNc8uYuT02pBdQB4BE3knKus=",
        "rev": "3e20095fe3c6cbb1ddcef89b26969a69a1570776",
        "type": "tarball",
        "url": "https://releases.nixos.org/nixos/25.11/nixos-25.11.7516.3e20095fe3c6/nixexprs.tar.xz"
      },
      "original": {
        "type": "tarball",
        "url": "http://nixos.org/channels/nixos-25.11/nixexprs.tar.xz"
      }
    },
    "pyproject-nix": {
      "inputs": {
        "nixpkgs": [
          "nixpkgs"
        ]
      },
      "locked": {
        "lastModified": 1773190977,
        "narHash": "sha256-fkJvOxz80cJViPz6GVaayC8BVCs5fclJ8qHDaNUpoEA=",
        "owner": "pyproject-nix",
        "repo": "pyproject.nix",
        "rev": "10ebca8a137bf26b7fbd3e94b339bf68cee18693",
        "type": "github"
      },
      "original": {
        "owner": "pyproject-nix",
        "repo": "pyproject.nix",
        "type": "github"
      }
    },
    "root": {
      "inputs": {
        "nixpkgs": "nixpkgs",
        "pyproject-nix": "pyproject-nix"
      }
    }
  },
  "root": "root",
  "version": 7
}
